Microsoft Visual Studio Solution File, Format Version 12.00
# Visual Studio 2012
Project("{FAE04EC0-301F-11D3-BF4B-00C04F79EFBC}") = "Mygame", "Mygame.csproj", "{636E20C8-BFF8-4352-B2C8-CDC9499339C9}"
EndProject
Global
	GlobalSection(SolutionConfigurationPlatforms) = preSolution
	Debug|Any CPU = Debug|Any CPU
	ExportDebug|Any CPU = ExportDebug|Any CPU
	ExportRelease|Any CPU = ExportRelease|Any CPU
	EndGlobalSection
	GlobalSection(ProjectConfigurationPlatforms) = postSolution
		{636E20C8-BFF8-4352-B2C8-CDC9499339C9}.Debug|Any CPU.ActiveCfg = Debug|Any CPU
		{636E20C8-BFF8-4352-B2C8-CDC9499339C9}.Debug|Any CPU.Build.0 = Debug|Any CPU
		{636E20C8-BFF8-4352-B2C8-CDC9499339C9}.ExportDebug|Any CPU.ActiveCfg = ExportDebug|Any CPU
		{636E20C8-BFF8-4352-B2C8-CDC9499339C9}.ExportDebug|Any CPU.Build.0 = ExportDebug|Any CPU
		{636E20C8-BFF8-4352-B2C8-CDC9499339C9}.ExportRelease|Any CPU.ActiveCfg = ExportRelease|Any CPU
		{636E20C8-BFF8-4352-B2C8-CDC9499339C9}.ExportRelease|Any CPU.Build.0 = ExportRelease|Any CPU
	EndGlobalSection
EndGlobal
